
Microsoft Visual Studio Solution File, Format Version 12.00
# Visual Studio Version 16
VisualStudioVersion = 16.0.30907.101
MinimumVisualStudioVersion = 10.0.40219.1
Project("{9A19103F-16F7-4668-BE54-9A1E7A4F7556}") = "VieTrails_API", "VieTrails_API\VieTrails_API.csproj", "{178D4E2C-0F4D-45A1-B2E3-C9C52261B07F}"
EndProject
Project("{FAE04EC0-301F-11D3-BF4B-00C04F79EFBC}") = "VieTrails_Web", "VieTrails_Web\VieTrails_Web.csproj", "{A0E7DBA8-DEBA-4A1C-A1C7-AE42A09F9FC7}"
EndProject
Global
	GlobalSection(SolutionConfigurationPlatforms) = preSolution
		Debug|Any CPU = Debug|Any CPU
		Release|Any CPU = Release|Any CPU
	EndGlobalSection
	GlobalSection(ProjectConfigurationPlatforms) = postSolution
		{178D4E2C-0F4D-45A1-B2E3-C9C52261B07F}.Debug|Any CPU.ActiveCfg = Debug|Any CPU
		{178D4E2C-0F4D-45A1-B2E3-C9C52261B07F}.Debug|Any CPU.Build.0 = Debug|Any CPU
		{178D4E2C-0F4D-45A1-B2E3-C9C52261B07F}.Release|Any CPU.ActiveCfg = Release|Any CPU
		{178D4E2C-0F4D-45A1-B2E3-C9C52261B07F}.Release|Any CPU.Build.0 = Release|Any CPU
		{A0E7DBA8-DEBA-4A1C-A1C7-AE42A09F9FC7}.Debug|Any CPU.ActiveCfg = Debug|Any CPU
		{A0E7DBA8-DEBA-4A1C-A1C7-AE42A09F9FC7}.Debug|Any CPU.Build.0 = Debug|Any CPU
		{A0E7DBA8-DEBA-4A1C-A1C7-AE42A09F9FC7}.Release|Any CPU.ActiveCfg = Release|Any CPU
		{A0E7DBA8-DEBA-4A1C-A1C7-AE42A09F9FC7}.Release|Any CPU.Build.0 = Release|Any CPU
	EndGlobalSection
	GlobalSection(SolutionProperties) = preSolution
		HideSolutionNode = FALSE
	EndGlobalSection
	GlobalSection(ExtensibilityGlobals) = postSolution
		SolutionGuid = {6927691B-CD54-4F19-80CA-417CE44855CB}
	EndGlobalSection
EndGlobal
